
Microsoft Visual Studio Solution File, Format Version 12.00
# Visual Studio Version 17
VisualStudioVersion = 17.4.33205.214
MinimumVisualStudioVersion = 10.0.40219.1
Project("{FAE04EC0-301F-11D3-BF4B-00C04F79EFBC}") = "Quiz", "Quiz\Quiz.csproj", "{ED185EF7-8AC3-451B-809E-26186499D028}"
EndProject
Project("{FAE04EC0-301F-11D3-BF4B-00C04F79EFBC}") = "Quiz.Tests", "Quiz.Tests\Quiz.Tests.csproj", "{88E49BE0-121E-49A1-A3BF-5581DB1D8FBA}"
EndProject
Global
	GlobalSection(SolutionConfigurationPlatforms) = preSolution
		Debug|Any CPU = Debug|Any CPU
		Release|Any CPU = Release|Any CPU
	EndGlobalSection
	GlobalSection(ProjectConfigurationPlatforms) = postSolution
		{ED185EF7-8AC3-451B-809E-26186499D028}.Debug|Any CPU.ActiveCfg = Debug|Any CPU
		{ED185EF7-8AC3-451B-809E-26186499D028}.Debug|Any CPU.Build.0 = Debug|Any CPU
		{ED185EF7-8AC3-451B-809E-26186499D028}.Release|Any CPU.ActiveCfg = Release|Any CPU
		{ED185EF7-8AC3-451B-809E-26186499D028}.Release|Any CPU.Build.0 = Release|Any CPU
		{88E49BE0-121E-49A1-A3BF-5581DB1D8FBA}.Debug|Any CPU.ActiveCfg = Debug|Any CPU
		{88E49BE0-121E-49A1-A3BF-5581DB1D8FBA}.Debug|Any CPU.Build.0 = Debug|Any CPU
		{88E49BE0-121E-49A1-A3BF-5581DB1D8FBA}.Release|Any CPU.ActiveCfg = Release|Any CPU
		{88E49BE0-121E-49A1-A3BF-5581DB1D8FBA}.Release|Any CPU.Build.0 = Release|Any CPU
	EndGlobalSection
	GlobalSection(SolutionProperties) = preSolution
		HideSolutionNode = FALSE
	EndGlobalSection
	GlobalSection(ExtensibilityGlobals) = postSolution
		SolutionGuid = {568859B3-073C-4E2A-82A3-6F1896AB5FD5}
	EndGlobalSection
EndGlobal
